
Microsoft Visual Studio Solution File, Format Version 12.00
# Visual Studio 2012
Project("{FAE04EC0-301F-11D3-BF4B-00C04F79EFBC}") = "GameFifteen.Common", "GameFifteen.Common\GameFifteen.Common.csproj", "{B9919040-1B68-4B52-B275-F382769A7ADF}"
EndProject
Project("{FAE04EC0-301F-11D3-BF4B-00C04F79EFBC}") = "GameFifteenUI", "GameFifteen.UI\GameFifteenUI.csproj", "{88D26F83-276A-444C-8D3C-E04D310E85B1}"
EndProject
Project("{FAE04EC0-301F-11D3-BF4B-00C04F79EFBC}") = "GameFifteen.Tests", "GameFifteen.Tests\GameFifteen.Tests.csproj", "{44A2DE2E-DCD0-458D-AA46-AACA59C46230}"
EndProject
Global
	GlobalSection(SolutionConfigurationPlatforms) = preSolution
		Debug|Any CPU = Debug|Any CPU
		Release|Any CPU = Release|Any CPU
	EndGlobalSection
	GlobalSection(ProjectConfigurationPlatforms) = postSolution
		{B9919040-1B68-4B52-B275-F382769A7ADF}.Debug|Any CPU.ActiveCfg = Debug|Any CPU
		{B9919040-1B68-4B52-B275-F382769A7ADF}.Debug|Any CPU.Build.0 = Debug|Any CPU
		{B9919040-1B68-4B52-B275-F382769A7ADF}.Release|Any CPU.ActiveCfg = Release|Any CPU
		{B9919040-1B68-4B52-B275-F382769A7ADF}.Release|Any CPU.Build.0 = Release|Any CPU
		{88D26F83-276A-444C-8D3C-E04D310E85B1}.Debug|Any CPU.ActiveCfg = Debug|Any CPU
		{88D26F83-276A-444C-8D3C-E04D310E85B1}.Debug|Any CPU.Build.0 = Debug|Any CPU
		{88D26F83-276A-444C-8D3C-E04D310E85B1}.Release|Any CPU.ActiveCfg = Release|Any CPU
		{88D26F83-276A-444C-8D3C-E04D310E85B1}.Release|Any CPU.Build.0 = Release|Any CPU
		{44A2DE2E-DCD0-458D-AA46-AACA59C46230}.Debug|Any CPU.ActiveCfg = Debug|Any CPU
		{44A2DE2E-DCD0-458D-AA46-AACA59C46230}.Debug|Any CPU.Build.0 = Debug|Any CPU
		{44A2DE2E-DCD0-458D-AA46-AACA59C46230}.Release|Any CPU.ActiveCfg = Release|Any CPU
		{44A2DE2E-DCD0-458D-AA46-AACA59C46230}.Release|Any CPU.Build.0 = Release|Any CPU
	EndGlobalSection
	GlobalSection(SolutionProperties) = preSolution
		HideSolutionNode = FALSE
	EndGlobalSection
EndGlobal
